
Microsoft Visual Studio Solution File, Format Version 12.00
# Visual Studio Version 16
VisualStudioVersion = 16.0.31729.503
MinimumVisualStudioVersion = 10.0.40219.1
Project("{FAE04EC0-301F-11D3-BF4B-00C04F79EFBC}") = "CastleDefense", "CastleDefense\CastleDefense.csproj", "{DAF84411-7354-486F-8C23-B7C2958C6DCB}"
EndProject
Global
	GlobalSection(SolutionConfigurationPlatforms) = preSolution
		Debug|Any CPU = Debug|Any CPU
		Release|Any CPU = Release|Any CPU
	EndGlobalSection
	GlobalSection(ProjectConfigurationPlatforms) = postSolution
		{DAF84411-7354-486F-8C23-B7C2958C6DCB}.Debug|Any CPU.ActiveCfg = Debug|Any CPU
		{DAF84411-7354-486F-8C23-B7C2958C6DCB}.Debug|Any CPU.Build.0 = Debug|Any CPU
		{DAF84411-7354-486F-8C23-B7C2958C6DCB}.Release|Any CPU.ActiveCfg = Release|Any CPU
		{DAF84411-7354-486F-8C23-B7C2958C6DCB}.Release|Any CPU.Build.0 = Release|Any CPU
	EndGlobalSection
	GlobalSection(SolutionProperties) = preSolution
		HideSolutionNode = FALSE
	EndGlobalSection
	GlobalSection(ExtensibilityGlobals) = postSolution
		SolutionGuid = {F94A5376-DA4C-4F33-8314-F463E235704F}
	EndGlobalSection
EndGlobal
